
Microsoft Visual Studio Solution File, Format Version 12.00
# Visual Studio 14
VisualStudioVersion = 14.0.22823.1
MinimumVisualStudioVersion = 10.0.40219.1
Project("{FAE04EC0-301F-11D3-BF4B-00C04F79EFBC}") = "GildedRose", "GildedRose\GildedRose.csproj", "{80C342AB-6AEC-4B19-9738-ACD99BCF940E}"
EndProject
Project("{FAE04EC0-301F-11D3-BF4B-00C04F79EFBC}") = "GildedRoseGoldenMaster", "GildedRoseGoldenMaster\GildedRoseGoldenMaster.csproj", "{9BAE6FF0-366B-430E-AEF9-BD0B898E5695}"
EndProject
Global
	GlobalSection(SolutionConfigurationPlatforms) = preSolution
		Debug|Any CPU = Debug|Any CPU
		Release|Any CPU = Release|Any CPU
	EndGlobalSection
	GlobalSection(ProjectConfigurationPlatforms) = postSolution
		{80C342AB-6AEC-4B19-9738-ACD99BCF940E}.Debug|Any CPU.ActiveCfg = Debug|Any CPU
		{80C342AB-6AEC-4B19-9738-ACD99BCF940E}.Debug|Any CPU.Build.0 = Debug|Any CPU
		{80C342AB-6AEC-4B19-9738-ACD99BCF940E}.Release|Any CPU.ActiveCfg = Release|Any CPU
		{80C342AB-6AEC-4B19-9738-ACD99BCF940E}.Release|Any CPU.Build.0 = Release|Any CPU
		{9BAE6FF0-366B-430E-AEF9-BD0B898E5695}.Debug|Any CPU.ActiveCfg = Debug|Any CPU
		{9BAE6FF0-366B-430E-AEF9-BD0B898E5695}.Debug|Any CPU.Build.0 = Debug|Any CPU
		{9BAE6FF0-366B-430E-AEF9-BD0B898E5695}.Release|Any CPU.ActiveCfg = Release|Any CPU
		{9BAE6FF0-366B-430E-AEF9-BD0B898E5695}.Release|Any CPU.Build.0 = Release|Any CPU
	EndGlobalSection
	GlobalSection(SolutionProperties) = preSolution
		HideSolutionNode = FALSE
	EndGlobalSection
EndGlobal
