
Microsoft Visual Studio Solution File, Format Version 12.00
# Visual Studio 2013
VisualStudioVersion = 12.0.40629.0
MinimumVisualStudioVersion = 10.0.40219.1
Project("{FAE04EC0-301F-11D3-BF4B-00C04F79EFBC}") = "GildedRose", "GildedRose\GildedRose.csproj", "{019CEBD1-FD04-4CCF-928C-A5FD2F2E61FA}"
EndProject
Project("{FAE04EC0-301F-11D3-BF4B-00C04F79EFBC}") = "GildedRose.Test", "GildedRose.Test\GildedRose.Test.csproj", "{30DA5F14-5545-46B3-BA2A-A2F6C3F253C3}"
EndProject
Global
	GlobalSection(SolutionConfigurationPlatforms) = preSolution
		Debug|Any CPU = Debug|Any CPU
		Release|Any CPU = Release|Any CPU
	EndGlobalSection
	GlobalSection(ProjectConfigurationPlatforms) = postSolution
		{019CEBD1-FD04-4CCF-928C-A5FD2F2E61FA}.Debug|Any CPU.ActiveCfg = Debug|Any CPU
		{019CEBD1-FD04-4CCF-928C-A5FD2F2E61FA}.Debug|Any CPU.Build.0 = Debug|Any CPU
		{019CEBD1-FD04-4CCF-928C-A5FD2F2E61FA}.Release|Any CPU.ActiveCfg = Release|Any CPU
		{019CEBD1-FD04-4CCF-928C-A5FD2F2E61FA}.Release|Any CPU.Build.0 = Release|Any CPU
		{30DA5F14-5545-46B3-BA2A-A2F6C3F253C3}.Debug|Any CPU.ActiveCfg = Debug|Any CPU
		{30DA5F14-5545-46B3-BA2A-A2F6C3F253C3}.Debug|Any CPU.Build.0 = Debug|Any CPU
		{30DA5F14-5545-46B3-BA2A-A2F6C3F253C3}.Release|Any CPU.ActiveCfg = Release|Any CPU
		{30DA5F14-5545-46B3-BA2A-A2F6C3F253C3}.Release|Any CPU.Build.0 = Release|Any CPU
	EndGlobalSection
	GlobalSection(SolutionProperties) = preSolution
		HideSolutionNode = FALSE
	EndGlobalSection
EndGlobal
